
Microsoft Visual Studio Solution File, Format Version 12.00
# Visual Studio Version 17
VisualStudioVersion = 17.8.34309.116
MinimumVisualStudioVersion = 10.0.40219.1
Project("{2150E333-8FDC-42A3-9474-1A3956D46DE8}") = "src", "src", "{4B351FD3-D405-4D67-90D6-07770A6B2B16}"
EndProject
Project("{2150E333-8FDC-42A3-9474-1A3956D46DE8}") = "test", "test", "{E299616A-F019-4495-8FE0-DD64562AC1F0}"
EndProject
Project("{FAE04EC0-301F-11D3-BF4B-00C04F79EFBC}") = "Domain.RentEasy", "Domain.RentEasy\Domain.RentEasy.csproj", "{FFD8EA5B-9C8B-4AB2-AE44-F7F3C5326E7E}"
EndProject
Global
	GlobalSection(SolutionConfigurationPlatforms) = preSolution
		Debug|Any CPU = Debug|Any CPU
		Release|Any CPU = Release|Any CPU
	EndGlobalSection
	GlobalSection(ProjectConfigurationPlatforms) = postSolution
		{FFD8EA5B-9C8B-4AB2-AE44-F7F3C5326E7E}.Debug|Any CPU.ActiveCfg = Debug|Any CPU
		{FFD8EA5B-9C8B-4AB2-AE44-F7F3C5326E7E}.Debug|Any CPU.Build.0 = Debug|Any CPU
		{FFD8EA5B-9C8B-4AB2-AE44-F7F3C5326E7E}.Release|Any CPU.ActiveCfg = Release|Any CPU
		{FFD8EA5B-9C8B-4AB2-AE44-F7F3C5326E7E}.Release|Any CPU.Build.0 = Release|Any CPU
	EndGlobalSection
	GlobalSection(SolutionProperties) = preSolution
		HideSolutionNode = FALSE
	EndGlobalSection
	GlobalSection(NestedProjects) = preSolution
		{FFD8EA5B-9C8B-4AB2-AE44-F7F3C5326E7E} = {4B351FD3-D405-4D67-90D6-07770A6B2B16}
	EndGlobalSection
	GlobalSection(ExtensibilityGlobals) = postSolution
		SolutionGuid = {0E44DD72-7733-46EF-AE56-5961F0E69B09}
	EndGlobalSection
EndGlobal
